
Microsoft Visual Studio Solution File, Format Version 12.00
Project("{2150E333-8FDC-42A3-9474-1A3956D46DE8}") = "services", "services", "{B8E4F1A2-6C3D-4E5F-9A1B-2D7C8E9F0A1B}"
EndProject
Project("{FAE04EC0-301F-11D3-BF4B-00C04F79EFBC}") = "HarborAdmin.Host", "services\HarborAdmin.Host\HarborAdmin.Host.csproj", "{1B35AF42-A5DE-496D-AAA7-017F54F583C0}"
EndProject
Project("{FAE04EC0-301F-11D3-BF4B-00C04F79EFBC}") = "HarborAdmin.ConfigCenter", "services\HarborAdmin.ConfigCenter\HarborAdmin.ConfigCenter.csproj", "{C1F2EEE5-F1E3-48BD-8C34-0F52742FE772}"
EndProject
Project("{2150E333-8FDC-42A3-9474-1A3956D46DE8}") = "buildingBlocks", "buildingBlocks", "{C7D8E9F0-A1B2-4C5D-8E9F-0A1B2C3D4E5F}"
EndProject
Project("{2150E333-8FDC-42A3-9474-1A3956D46DE8}") = "modules", "modules", "{4EE6AE32-729D-471C-B2F6-A873E7936186}"
EndProject
Project("{FAE04EC0-301F-11D3-BF4B-00C04F79EFBC}") = "HarborAdmin.Modules.ConfigCenter", "modules\HarborAdmin.Modules.ConfigCenter\HarborAdmin.Modules.ConfigCenter.csproj", "{4F50B516-4A43-4458-A9D3-5853A5B6A6E7}"
EndProject
Project("{FAE04EC0-301F-11D3-BF4B-00C04F79EFBC}") = "HarborAdmin.Modules.Admin", "modules\HarborAdmin.Modules.Admin\HarborAdmin.Modules.Admin.csproj", "{F1F757BD-3602-443A-A5C4-C9FEF2224A89}"
EndProject
Project("{FAE04EC0-301F-11D3-BF4B-00C04F79EFBC}") = "HarborAdmin.BuildingBlocks.Abstractions", "buildingBlocks\HarborAdmin.BuildingBlocks.Abstractions\HarborAdmin.BuildingBlocks.Abstractions.csproj", "{E0A04510-FD7C-4582-A211-734F105BA4E5}"
EndProject
Project("{FAE04EC0-301F-11D3-BF4B-00C04F79EFBC}") = "HarborAdmin.BuildingBlocks.Data", "buildingBlocks\HarborAdmin.BuildingBlocks.Data\HarborAdmin.BuildingBlocks.Data.csproj", "{A1B2C3D4-E5F6-7890-ABCD-EF1234567890}"
EndProject
Project("{FAE04EC0-301F-11D3-BF4B-00C04F79EFBC}") = "HarborAdmin.BuildingBlocks.EventBus", "buildingBlocks\HarborAdmin.BuildingBlocks.EventBus\HarborAdmin.BuildingBlocks.EventBus.csproj", "{B2C3D4E5-F6A7-8901-BCDE-F12345678901}"
EndProject
Project("{FAE04EC0-301F-11D3-BF4B-00C04F79EFBC}") = "HarborAdmin.Modules.International", "modules\HarborAdmin.Modules.International\HarborAdmin.Modules.International.csproj", "{2ED1E525-BB50-40B2-914D-5ED28094E60B}"
EndProject
Project("{FAE04EC0-301F-11D3-BF4B-00C04F79EFBC}") = "HarborAdmin.BuildingBlocks.Caching", "buildingBlocks\HarborAdmin.BuildingBlocks.Caching\HarborAdmin.BuildingBlocks.Caching.csproj", "{128C4029-0C86-4815-B971-6DEF27316402}"
EndProject
Project("{FAE04EC0-301F-11D3-BF4B-00C04F79EFBC}") = "HarborAdmin.Modules.AI", "modules\HarborAdmin.Modules.AI\HarborAdmin.Modules.AI.csproj", "{DA2B8E54-928F-43E7-85F5-231AEE42ED23}"
EndProject
Project("{FAE04EC0-301F-11D3-BF4B-00C04F79EFBC}") = "HarborAdmin.AIWorker", "services\HarborAdmin.AIWorker\HarborAdmin.AIWorker.csproj", "{E1A0B0C4-C3C6-4CDC-95D7-7DF7888A04CE}"
EndProject
Project("{FAE04EC0-301F-11D3-BF4B-00C04F79EFBC}") = "HarborAdmin.BuildingBlocks.Mapping", "buildingBlocks\HarborAdmin.BuildingBlocks.Mapping\HarborAdmin.BuildingBlocks.Mapping.csproj", "{A81F9274-62E7-404D-8932-D1B3EE8CA5A1}"
EndProject
Project("{2150E333-8FDC-42A3-9474-1A3956D46DE8}") = "client", "client", "{2CB42F12-E813-91B3-7D11-3220E40BEF4A}"
EndProject
Project("{FAE04EC0-301F-11D3-BF4B-00C04F79EFBC}") = "HarborAdmin.Client.AI", "client\HarborAdmin.Client.AI\HarborAdmin.Client.AI.csproj", "{BDD14446-C6AB-46CD-9315-0D1F29E63938}"
EndProject
Project("{FAE04EC0-301F-11D3-BF4B-00C04F79EFBC}") = "HarborAdmin.Client.ConfigCenter", "client\HarborAdmin.Client.ConfigCenter\HarborAdmin.Client.ConfigCenter.csproj", "{55C49A30-80DF-409A-B803-C000FE58E7DF}"
EndProject
Project("{FAE04EC0-301F-11D3-BF4B-00C04F79EFBC}") = "HarborAdmin.BuildingBlocks.Secrets", "buildingBlocks\HarborAdmin.BuildingBlocks.Secrets\HarborAdmin.BuildingBlocks.Secrets.csproj", "{63C4699D-8948-461B-83FA-52E40331638C}"
EndProject
Project("{FAE04EC0-301F-11D3-BF4B-00C04F79EFBC}") = "HarborAdmin.Modules.Secrets", "modules\HarborAdmin.Modules.Secrets\HarborAdmin.Modules.Secrets.csproj", "{1F692DA6-F6E2-4F27-9EFB-6268EFCCD5C8}"
EndProject
Project("{FAE04EC0-301F-11D3-BF4B-00C04F79EFBC}") = "HarborAdmin.Modules.TaskOrchestration", "modules\HarborAdmin.Modules.TaskOrchestration\HarborAdmin.Modules.TaskOrchestration.csproj", "{00521496-5F29-466C-A8DF-B16984C10229}"
EndProject
Project("{FAE04EC0-301F-11D3-BF4B-00C04F79EFBC}") = "HarborAdmin.TaskWorker", "services\HarborAdmin.TaskWorker\HarborAdmin.TaskWorker.csproj", "{743C6E23-5872-4B08-A5F6-9CFFA1A910CD}"
EndProject
Project("{FAE04EC0-301F-11D3-BF4B-00C04F79EFBC}") = "HarborAdmin.BuildingBlocks.Application", "buildingBlocks\HarborAdmin.BuildingBlocks.Application\HarborAdmin.BuildingBlocks.Application.csproj", "{F1907DEF-400F-42EA-9EF9-586F2CCFC38C}"
EndProject
Project("{FAE04EC0-301F-11D3-BF4B-00C04F79EFBC}") = "HarborAdmin.BuildingBlocks.AspNetCore", "buildingBlocks\HarborAdmin.BuildingBlocks.AspNetCore\HarborAdmin.BuildingBlocks.AspNetCore.csproj", "{C8E0ADE0-3D15-453B-9052-BE71FD1E6DFA}"
EndProject
Project("{2150E333-8FDC-42A3-9474-1A3956D46DE8}") = "tools", "tools", "{07C2787E-EAC7-C090-1BA3-A61EC2A24D84}"
EndProject
Project("{FAE04EC0-301F-11D3-BF4B-00C04F79EFBC}") = "HarborAdmin.ErrorCatalog", "tools\HarborAdmin.ErrorCatalog\HarborAdmin.ErrorCatalog.csproj", "{40BFD028-2D6D-4203-A649-4231D041C939}"
EndProject
Project("{2150E333-8FDC-42A3-9474-1A3956D46DE8}") = "tests", "tests", "{0AB3BF05-4346-4AA6-1389-037BE0695223}"
EndProject
Project("{FAE04EC0-301F-11D3-BF4B-00C04F79EFBC}") = "HarborAdmin.BuildingBlocks.Tests", "tests\HarborAdmin.BuildingBlocks.Tests\HarborAdmin.BuildingBlocks.Tests.csproj", "{6168A6A0-42FC-4FC6-82C7-3A042F6CBF17}"
EndProject
Global
	GlobalSection(SolutionConfigurationPlatforms) = preSolution
		Debug|Any CPU = Debug|Any CPU
		Debug|x64 = Debug|x64
		Debug|x86 = Debug|x86
		Release|Any CPU = Release|Any CPU
		Release|x64 = Release|x64
		Release|x86 = Release|x86
	EndGlobalSection
	GlobalSection(ProjectConfigurationPlatforms) = postSolution
		{1B35AF42-A5DE-496D-AAA7-017F54F583C0}.Debug|Any CPU.ActiveCfg = Debug|Any CPU
		{1B35AF42-A5DE-496D-AAA7-017F54F583C0}.Debug|Any CPU.Build.0 = Debug|Any CPU
		{1B35AF42-A5DE-496D-AAA7-017F54F583C0}.Debug|x64.ActiveCfg = Debug|Any CPU
		{1B35AF42-A5DE-496D-AAA7-017F54F583C0}.Debug|x64.Build.0 = Debug|Any CPU
		{1B35AF42-A5DE-496D-AAA7-017F54F583C0}.Debug|x86.ActiveCfg = Debug|Any CPU
		{1B35AF42-A5DE-496D-AAA7-017F54F583C0}.Debug|x86.Build.0 = Debug|Any CPU
		{1B35AF42-A5DE-496D-AAA7-017F54F583C0}.Release|Any CPU.ActiveCfg = Release|Any CPU
		{1B35AF42-A5DE-496D-AAA7-017F54F583C0}.Release|Any CPU.Build.0 = Release|Any CPU
		{1B35AF42-A5DE-496D-AAA7-017F54F583C0}.Release|x64.ActiveCfg = Release|Any CPU
		{1B35AF42-A5DE-496D-AAA7-017F54F583C0}.Release|x64.Build.0 = Release|Any CPU
		{1B35AF42-A5DE-496D-AAA7-017F54F583C0}.Release|x86.ActiveCfg = Release|Any CPU
		{1B35AF42-A5DE-496D-AAA7-017F54F583C0}.Release|x86.Build.0 = Release|Any CPU
		{C1F2EEE5-F1E3-48BD-8C34-0F52742FE772}.Debug|Any CPU.ActiveCfg = Debug|Any CPU
		{C1F2EEE5-F1E3-48BD-8C34-0F52742FE772}.Debug|Any CPU.Build.0 = Debug|Any CPU
		{C1F2EEE5-F1E3-48BD-8C34-0F52742FE772}.Debug|x64.ActiveCfg = Debug|Any CPU
		{C1F2EEE5-F1E3-48BD-8C34-0F52742FE772}.Debug|x64.Build.0 = Debug|Any CPU
		{C1F2EEE5-F1E3-48BD-8C34-0F52742FE772}.Debug|x86.ActiveCfg = Debug|Any CPU
		{C1F2EEE5-F1E3-48BD-8C34-0F52742FE772}.Debug|x86.Build.0 = Debug|Any CPU
		{C1F2EEE5-F1E3-48BD-8C34-0F52742FE772}.Release|Any CPU.ActiveCfg = Release|Any CPU
		{C1F2EEE5-F1E3-48BD-8C34-0F52742FE772}.Release|Any CPU.Build.0 = Release|Any CPU
		{C1F2EEE5-F1E3-48BD-8C34-0F52742FE772}.Release|x64.ActiveCfg = Release|Any CPU
		{C1F2EEE5-F1E3-48BD-8C34-0F52742FE772}.Release|x64.Build.0 = Release|Any CPU
		{C1F2EEE5-F1E3-48BD-8C34-0F52742FE772}.Release|x86.ActiveCfg = Release|Any CPU
		{C1F2EEE5-F1E3-48BD-8C34-0F52742FE772}.Release|x86.Build.0 = Release|Any CPU
		{4F50B516-4A43-4458-A9D3-5853A5B6A6E7}.Debug|Any CPU.ActiveCfg = Debug|Any CPU
		{4F50B516-4A43-4458-A9D3-5853A5B6A6E7}.Debug|Any CPU.Build.0 = Debug|Any CPU
		{4F50B516-4A43-4458-A9D3-5853A5B6A6E7}.Debug|x64.ActiveCfg = Debug|Any CPU
		{4F50B516-4A43-4458-A9D3-5853A5B6A6E7}.Debug|x64.Build.0 = Debug|Any CPU
		{4F50B516-4A43-4458-A9D3-5853A5B6A6E7}.Debug|x86.ActiveCfg = Debug|Any CPU
		{4F50B516-4A43-4458-A9D3-5853A5B6A6E7}.Debug|x86.Build.0 = Debug|Any CPU
		{4F50B516-4A43-4458-A9D3-5853A5B6A6E7}.Release|Any CPU.ActiveCfg = Release|Any CPU
		{4F50B516-4A43-4458-A9D3-5853A5B6A6E7}.Release|Any CPU.Build.0 = Release|Any CPU
		{4F50B516-4A43-4458-A9D3-5853A5B6A6E7}.Release|x64.ActiveCfg = Release|Any CPU
		{4F50B516-4A43-4458-A9D3-5853A5B6A6E7}.Release|x64.Build.0 = Release|Any CPU
		{4F50B516-4A43-4458-A9D3-5853A5B6A6E7}.Release|x86.ActiveCfg = Release|Any CPU
		{4F50B516-4A43-4458-A9D3-5853A5B6A6E7}.Release|x86.Build.0 = Release|Any CPU
		{F1F757BD-3602-443A-A5C4-C9FEF2224A89}.Debug|Any CPU.ActiveCfg = Debug|Any CPU
		{F1F757BD-3602-443A-A5C4-C9FEF2224A89}.Debug|Any CPU.Build.0 = Debug|Any CPU
		{F1F757BD-3602-443A-A5C4-C9FEF2224A89}.Debug|x64.ActiveCfg = Debug|Any CPU
		{F1F757BD-3602-443A-A5C4-C9FEF2224A89}.Debug|x64.Build.0 = Debug|Any CPU
		{F1F757BD-3602-443A-A5C4-C9FEF2224A89}.Debug|x86.ActiveCfg = Debug|Any CPU
		{F1F757BD-3602-443A-A5C4-C9FEF2224A89}.Debug|x86.Build.0 = Debug|Any CPU
		{F1F757BD-3602-443A-A5C4-C9FEF2224A89}.Release|Any CPU.ActiveCfg = Release|Any CPU
		{F1F757BD-3602-443A-A5C4-C9FEF2224A89}.Release|Any CPU.Build.0 = Release|Any CPU
		{F1F757BD-3602-443A-A5C4-C9FEF2224A89}.Release|x64.ActiveCfg = Release|Any CPU
		{F1F757BD-3602-443A-A5C4-C9FEF2224A89}.Release|x64.Build.0 = Release|Any CPU
		{F1F757BD-3602-443A-A5C4-C9FEF2224A89}.Release|x86.ActiveCfg = Release|Any CPU
		{F1F757BD-3602-443A-A5C4-C9FEF2224A89}.Release|x86.Build.0 = Release|Any CPU
		{E0A04510-FD7C-4582-A211-734F105BA4E5}.Debug|Any CPU.ActiveCfg = Debug|Any CPU
		{E0A04510-FD7C-4582-A211-734F105BA4E5}.Debug|Any CPU.Build.0 = Debug|Any CPU
		{E0A04510-FD7C-4582-A211-734F105BA4E5}.Debug|x64.ActiveCfg = Debug|Any CPU
		{E0A04510-FD7C-4582-A211-734F105BA4E5}.Debug|x64.Build.0 = Debug|Any CPU
		{E0A04510-FD7C-4582-A211-734F105BA4E5}.Debug|x86.ActiveCfg = Debug|Any CPU
		{E0A04510-FD7C-4582-A211-734F105BA4E5}.Debug|x86.Build.0 = Debug|Any CPU
		{E0A04510-FD7C-4582-A211-734F105BA4E5}.Release|Any CPU.ActiveCfg = Release|Any CPU
		{E0A04510-FD7C-4582-A211-734F105BA4E5}.Release|Any CPU.Build.0 = Release|Any CPU
		{E0A04510-FD7C-4582-A211-734F105BA4E5}.Release|x64.ActiveCfg = Release|Any CPU
		{E0A04510-FD7C-4582-A211-734F105BA4E5}.Release|x64.Build.0 = Release|Any CPU
		{E0A04510-FD7C-4582-A211-734F105BA4E5}.Release|x86.ActiveCfg = Release|Any CPU
		{E0A04510-FD7C-4582-A211-734F105BA4E5}.Release|x86.Build.0 = Release|Any CPU
		{A1B2C3D4-E5F6-7890-ABCD-EF1234567890}.Debug|Any CPU.ActiveCfg = Debug|Any CPU
		{A1B2C3D4-E5F6-7890-ABCD-EF1234567890}.Debug|Any CPU.Build.0 = Debug|Any CPU
		{B2C3D4E5-F6A7-8901-BCDE-F12345678901}.Debug|Any CPU.ActiveCfg = Debug|Any CPU
		{B2C3D4E5-F6A7-8901-BCDE-F12345678901}.Debug|Any CPU.Build.0 = Debug|Any CPU
		{2ED1E525-BB50-40B2-914D-5ED28094E60B}.Debug|Any CPU.ActiveCfg = Debug|Any CPU
		{2ED1E525-BB50-40B2-914D-5ED28094E60B}.Debug|Any CPU.Build.0 = Debug|Any CPU
		{2ED1E525-BB50-40B2-914D-5ED28094E60B}.Debug|x64.ActiveCfg = Debug|Any CPU
		{2ED1E525-BB50-40B2-914D-5ED28094E60B}.Debug|x64.Build.0 = Debug|Any CPU
		{2ED1E525-BB50-40B2-914D-5ED28094E60B}.Debug|x86.ActiveCfg = Debug|Any CPU
		{2ED1E525-BB50-40B2-914D-5ED28094E60B}.Debug|x86.Build.0 = Debug|Any CPU
		{2ED1E525-BB50-40B2-914D-5ED28094E60B}.Release|Any CPU.ActiveCfg = Release|Any CPU
		{2ED1E525-BB50-40B2-914D-5ED28094E60B}.Release|Any CPU.Build.0 = Release|Any CPU
		{2ED1E525-BB50-40B2-914D-5ED28094E60B}.Release|x64.ActiveCfg = Release|Any CPU
		{2ED1E525-BB50-40B2-914D-5ED28094E60B}.Release|x64.Build.0 = Release|Any CPU
		{2ED1E525-BB50-40B2-914D-5ED28094E60B}.Release|x86.ActiveCfg = Release|Any CPU
		{2ED1E525-BB50-40B2-914D-5ED28094E60B}.Release|x86.Build.0 = Release|Any CPU
		{128C4029-0C86-4815-B971-6DEF27316402}.Debug|Any CPU.ActiveCfg = Debug|Any CPU
		{128C4029-0C86-4815-B971-6DEF27316402}.Debug|Any CPU.Build.0 = Debug|Any CPU
		{128C4029-0C86-4815-B971-6DEF27316402}.Debug|x64.ActiveCfg = Debug|Any CPU
		{128C4029-0C86-4815-B971-6DEF27316402}.Debug|x64.Build.0 = Debug|Any CPU
		{128C4029-0C86-4815-B971-6DEF27316402}.Debug|x86.ActiveCfg = Debug|Any CPU
		{128C4029-0C86-4815-B971-6DEF27316402}.Debug|x86.Build.0 = Debug|Any CPU
		{128C4029-0C86-4815-B971-6DEF27316402}.Release|Any CPU.ActiveCfg = Release|Any CPU
		{128C4029-0C86-4815-B971-6DEF27316402}.Release|Any CPU.Build.0 = Release|Any CPU
		{128C4029-0C86-4815-B971-6DEF27316402}.Release|x64.ActiveCfg = Release|Any CPU
		{128C4029-0C86-4815-B971-6DEF27316402}.Release|x64.Build.0 = Release|Any CPU
		{128C4029-0C86-4815-B971-6DEF27316402}.Release|x86.ActiveCfg = Release|Any CPU
		{128C4029-0C86-4815-B971-6DEF27316402}.Release|x86.Build.0 = Release|Any CPU
		{DA2B8E54-928F-43E7-85F5-231AEE42ED23}.Debug|Any CPU.ActiveCfg = Debug|Any CPU
		{DA2B8E54-928F-43E7-85F5-231AEE42ED23}.Debug|Any CPU.Build.0 = Debug|Any CPU
		{DA2B8E54-928F-43E7-85F5-231AEE42ED23}.Debug|x64.ActiveCfg = Debug|Any CPU
		{DA2B8E54-928F-43E7-85F5-231AEE42ED23}.Debug|x64.Build.0 = Debug|Any CPU
		{DA2B8E54-928F-43E7-85F5-231AEE42ED23}.Debug|x86.ActiveCfg = Debug|Any CPU
		{DA2B8E54-928F-43E7-85F5-231AEE42ED23}.Debug|x86.Build.0 = Debug|Any CPU
		{DA2B8E54-928F-43E7-85F5-231AEE42ED23}.Release|Any CPU.ActiveCfg = Release|Any CPU
		{DA2B8E54-928F-43E7-85F5-231AEE42ED23}.Release|Any CPU.Build.0 = Release|Any CPU
		{DA2B8E54-928F-43E7-85F5-231AEE42ED23}.Release|x64.ActiveCfg = Release|Any CPU
		{DA2B8E54-928F-43E7-85F5-231AEE42ED23}.Release|x64.Build.0 = Release|Any CPU
		{DA2B8E54-928F-43E7-85F5-231AEE42ED23}.Release|x86.ActiveCfg = Release|Any CPU
		{DA2B8E54-928F-43E7-85F5-231AEE42ED23}.Release|x86.Build.0 = Release|Any CPU
		{E1A0B0C4-C3C6-4CDC-95D7-7DF7888A04CE}.Debug|Any CPU.ActiveCfg = Debug|Any CPU
		{E1A0B0C4-C3C6-4CDC-95D7-7DF7888A04CE}.Debug|Any CPU.Build.0 = Debug|Any CPU
		{E1A0B0C4-C3C6-4CDC-95D7-7DF7888A04CE}.Debug|x64.ActiveCfg = Debug|Any CPU
		{E1A0B0C4-C3C6-4CDC-95D7-7DF7888A04CE}.Debug|x64.Build.0 = Debug|Any CPU
		{E1A0B0C4-C3C6-4CDC-95D7-7DF7888A04CE}.Debug|x86.ActiveCfg = Debug|Any CPU
		{E1A0B0C4-C3C6-4CDC-95D7-7DF7888A04CE}.Debug|x86.Build.0 = Debug|Any CPU
		{E1A0B0C4-C3C6-4CDC-95D7-7DF7888A04CE}.Release|Any CPU.ActiveCfg = Release|Any CPU
		{E1A0B0C4-C3C6-4CDC-95D7-7DF7888A04CE}.Release|Any CPU.Build.0 = Release|Any CPU
		{E1A0B0C4-C3C6-4CDC-95D7-7DF7888A04CE}.Release|x64.ActiveCfg = Release|Any CPU
		{E1A0B0C4-C3C6-4CDC-95D7-7DF7888A04CE}.Release|x64.Build.0 = Release|Any CPU
		{E1A0B0C4-C3C6-4CDC-95D7-7DF7888A04CE}.Release|x86.ActiveCfg = Release|Any CPU
		{E1A0B0C4-C3C6-4CDC-95D7-7DF7888A04CE}.Release|x86.Build.0 = Release|Any CPU
		{A81F9274-62E7-404D-8932-D1B3EE8CA5A1}.Debug|Any CPU.ActiveCfg = Debug|Any CPU
		{A81F9274-62E7-404D-8932-D1B3EE8CA5A1}.Debug|Any CPU.Build.0 = Debug|Any CPU
		{A81F9274-62E7-404D-8932-D1B3EE8CA5A1}.Debug|x64.ActiveCfg = Debug|Any CPU
		{A81F9274-62E7-404D-8932-D1B3EE8CA5A1}.Debug|x64.Build.0 = Debug|Any CPU
		{A81F9274-62E7-404D-8932-D1B3EE8CA5A1}.Debug|x86.ActiveCfg = Debug|Any CPU
		{A81F9274-62E7-404D-8932-D1B3EE8CA5A1}.Debug|x86.Build.0 = Debug|Any CPU
		{A81F9274-62E7-404D-8932-D1B3EE8CA5A1}.Release|Any CPU.ActiveCfg = Release|Any CPU
		{A81F9274-62E7-404D-8932-D1B3EE8CA5A1}.Release|Any CPU.Build.0 = Release|Any CPU
		{A81F9274-62E7-404D-8932-D1B3EE8CA5A1}.Release|x64.ActiveCfg = Release|Any CPU
		{A81F9274-62E7-404D-8932-D1B3EE8CA5A1}.Release|x64.Build.0 = Release|Any CPU
		{A81F9274-62E7-404D-8932-D1B3EE8CA5A1}.Release|x86.ActiveCfg = Release|Any CPU
		{A81F9274-62E7-404D-8932-D1B3EE8CA5A1}.Release|x86.Build.0 = Release|Any CPU
		{BDD14446-C6AB-46CD-9315-0D1F29E63938}.Debug|Any CPU.ActiveCfg = Debug|Any CPU
		{BDD14446-C6AB-46CD-9315-0D1F29E63938}.Debug|Any CPU.Build.0 = Debug|Any CPU
		{BDD14446-C6AB-46CD-9315-0D1F29E63938}.Debug|x64.ActiveCfg = Debug|Any CPU
		{BDD14446-C6AB-46CD-9315-0D1F29E63938}.Debug|x64.Build.0 = Debug|Any CPU
		{BDD14446-C6AB-46CD-9315-0D1F29E63938}.Debug|x86.ActiveCfg = Debug|Any CPU
		{BDD14446-C6AB-46CD-9315-0D1F29E63938}.Debug|x86.Build.0 = Debug|Any CPU
		{BDD14446-C6AB-46CD-9315-0D1F29E63938}.Release|Any CPU.ActiveCfg = Release|Any CPU
		{BDD14446-C6AB-46CD-9315-0D1F29E63938}.Release|Any CPU.Build.0 = Release|Any CPU
		{BDD14446-C6AB-46CD-9315-0D1F29E63938}.Release|x64.ActiveCfg = Release|Any CPU
		{BDD14446-C6AB-46CD-9315-0D1F29E63938}.Release|x64.Build.0 = Release|Any CPU
		{BDD14446-C6AB-46CD-9315-0D1F29E63938}.Release|x86.ActiveCfg = Release|Any CPU
		{BDD14446-C6AB-46CD-9315-0D1F29E63938}.Release|x86.Build.0 = Release|Any CPU
		{55C49A30-80DF-409A-B803-C000FE58E7DF}.Debug|Any CPU.ActiveCfg = Debug|Any CPU
		{55C49A30-80DF-409A-B803-C000FE58E7DF}.Debug|Any CPU.Build.0 = Debug|Any CPU
		{55C49A30-80DF-409A-B803-C000FE58E7DF}.Debug|x64.ActiveCfg = Debug|Any CPU
		{55C49A30-80DF-409A-B803-C000FE58E7DF}.Debug|x64.Build.0 = Debug|Any CPU
		{55C49A30-80DF-409A-B803-C000FE58E7DF}.Debug|x86.ActiveCfg = Debug|Any CPU
		{55C49A30-80DF-409A-B803-C000FE58E7DF}.Debug|x86.Build.0 = Debug|Any CPU
		{55C49A30-80DF-409A-B803-C000FE58E7DF}.Release|Any CPU.ActiveCfg = Release|Any CPU
		{55C49A30-80DF-409A-B803-C000FE58E7DF}.Release|Any CPU.Build.0 = Release|Any CPU
		{55C49A30-80DF-409A-B803-C000FE58E7DF}.Release|x64.ActiveCfg = Release|Any CPU
		{55C49A30-80DF-409A-B803-C000FE58E7DF}.Release|x64.Build.0 = Release|Any CPU
		{55C49A30-80DF-409A-B803-C000FE58E7DF}.Release|x86.ActiveCfg = Release|Any CPU
		{55C49A30-80DF-409A-B803-C000FE58E7DF}.Release|x86.Build.0 = Release|Any CPU
		{63C4699D-8948-461B-83FA-52E40331638C}.Debug|Any CPU.ActiveCfg = Debug|Any CPU
		{63C4699D-8948-461B-83FA-52E40331638C}.Debug|Any CPU.Build.0 = Debug|Any CPU
		{63C4699D-8948-461B-83FA-52E40331638C}.Debug|x64.ActiveCfg = Debug|Any CPU
		{63C4699D-8948-461B-83FA-52E40331638C}.Debug|x64.Build.0 = Debug|Any CPU
		{63C4699D-8948-461B-83FA-52E40331638C}.Debug|x86.ActiveCfg = Debug|Any CPU
		{63C4699D-8948-461B-83FA-52E40331638C}.Debug|x86.Build.0 = Debug|Any CPU
		{63C4699D-8948-461B-83FA-52E40331638C}.Release|Any CPU.ActiveCfg = Release|Any CPU
		{63C4699D-8948-461B-83FA-52E40331638C}.Release|Any CPU.Build.0 = Release|Any CPU
		{63C4699D-8948-461B-83FA-52E40331638C}.Release|x64.ActiveCfg = Release|Any CPU
		{63C4699D-8948-461B-83FA-52E40331638C}.Release|x64.Build.0 = Release|Any CPU
		{63C4699D-8948-461B-83FA-52E40331638C}.Release|x86.ActiveCfg = Release|Any CPU
		{63C4699D-8948-461B-83FA-52E40331638C}.Release|x86.Build.0 = Release|Any CPU
		{1F692DA6-F6E2-4F27-9EFB-6268EFCCD5C8}.Debug|Any CPU.ActiveCfg = Debug|Any CPU
		{1F692DA6-F6E2-4F27-9EFB-6268EFCCD5C8}.Debug|Any CPU.Build.0 = Debug|Any CPU
		{1F692DA6-F6E2-4F27-9EFB-6268EFCCD5C8}.Debug|x64.ActiveCfg = Debug|Any CPU
		{1F692DA6-F6E2-4F27-9EFB-6268EFCCD5C8}.Debug|x64.Build.0 = Debug|Any CPU
		{1F692DA6-F6E2-4F27-9EFB-6268EFCCD5C8}.Debug|x86.ActiveCfg = Debug|Any CPU
		{1F692DA6-F6E2-4F27-9EFB-6268EFCCD5C8}.Debug|x86.Build.0 = Debug|Any CPU
		{1F692DA6-F6E2-4F27-9EFB-6268EFCCD5C8}.Release|Any CPU.ActiveCfg = Release|Any CPU
		{1F692DA6-F6E2-4F27-9EFB-6268EFCCD5C8}.Release|Any CPU.Build.0 = Release|Any CPU
		{1F692DA6-F6E2-4F27-9EFB-6268EFCCD5C8}.Release|x64.ActiveCfg = Release|Any CPU
		{1F692DA6-F6E2-4F27-9EFB-6268EFCCD5C8}.Release|x64.Build.0 = Release|Any CPU
		{1F692DA6-F6E2-4F27-9EFB-6268EFCCD5C8}.Release|x86.ActiveCfg = Release|Any CPU
		{1F692DA6-F6E2-4F27-9EFB-6268EFCCD5C8}.Release|x86.Build.0 = Release|Any CPU
		{00521496-5F29-466C-A8DF-B16984C10229}.Debug|Any CPU.ActiveCfg = Debug|Any CPU
		{00521496-5F29-466C-A8DF-B16984C10229}.Debug|Any CPU.Build.0 = Debug|Any CPU
		{00521496-5F29-466C-A8DF-B16984C10229}.Debug|x64.ActiveCfg = Debug|Any CPU
		{00521496-5F29-466C-A8DF-B16984C10229}.Debug|x64.Build.0 = Debug|Any CPU
		{00521496-5F29-466C-A8DF-B16984C10229}.Debug|x86.ActiveCfg = Debug|Any CPU
		{00521496-5F29-466C-A8DF-B16984C10229}.Debug|x86.Build.0 = Debug|Any CPU
		{00521496-5F29-466C-A8DF-B16984C10229}.Release|Any CPU.ActiveCfg = Release|Any CPU
		{00521496-5F29-466C-A8DF-B16984C10229}.Release|Any CPU.Build.0 = Release|Any CPU
		{00521496-5F29-466C-A8DF-B16984C10229}.Release|x64.ActiveCfg = Release|Any CPU
		{00521496-5F29-466C-A8DF-B16984C10229}.Release|x64.Build.0 = Release|Any CPU
		{00521496-5F29-466C-A8DF-B16984C10229}.Release|x86.ActiveCfg = Release|Any CPU
		{00521496-5F29-466C-A8DF-B16984C10229}.Release|x86.Build.0 = Release|Any CPU
		{743C6E23-5872-4B08-A5F6-9CFFA1A910CD}.Debug|Any CPU.ActiveCfg = Debug|Any CPU
		{743C6E23-5872-4B08-A5F6-9CFFA1A910CD}.Debug|Any CPU.Build.0 = Debug|Any CPU
		{743C6E23-5872-4B08-A5F6-9CFFA1A910CD}.Debug|x64.ActiveCfg = Debug|Any CPU
		{743C6E23-5872-4B08-A5F6-9CFFA1A910CD}.Debug|x64.Build.0 = Debug|Any CPU
		{743C6E23-5872-4B08-A5F6-9CFFA1A910CD}.Debug|x86.ActiveCfg = Debug|Any CPU
		{743C6E23-5872-4B08-A5F6-9CFFA1A910CD}.Debug|x86.Build.0 = Debug|Any CPU
		{743C6E23-5872-4B08-A5F6-9CFFA1A910CD}.Release|Any CPU.ActiveCfg = Release|Any CPU
		{743C6E23-5872-4B08-A5F6-9CFFA1A910CD}.Release|Any CPU.Build.0 = Release|Any CPU
		{743C6E23-5872-4B08-A5F6-9CFFA1A910CD}.Release|x64.ActiveCfg = Release|Any CPU
		{743C6E23-5872-4B08-A5F6-9CFFA1A910CD}.Release|x64.Build.0 = Release|Any CPU
		{743C6E23-5872-4B08-A5F6-9CFFA1A910CD}.Release|x86.ActiveCfg = Release|Any CPU
		{743C6E23-5872-4B08-A5F6-9CFFA1A910CD}.Release|x86.Build.0 = Release|Any CPU
		{F1907DEF-400F-42EA-9EF9-586F2CCFC38C}.Debug|Any CPU.ActiveCfg = Debug|Any CPU
		{F1907DEF-400F-42EA-9EF9-586F2CCFC38C}.Debug|Any CPU.Build.0 = Debug|Any CPU
		{F1907DEF-400F-42EA-9EF9-586F2CCFC38C}.Debug|x64.ActiveCfg = Debug|Any CPU
		{F1907DEF-400F-42EA-9EF9-586F2CCFC38C}.Debug|x64.Build.0 = Debug|Any CPU
		{F1907DEF-400F-42EA-9EF9-586F2CCFC38C}.Debug|x86.ActiveCfg = Debug|Any CPU
		{F1907DEF-400F-42EA-9EF9-586F2CCFC38C}.Debug|x86.Build.0 = Debug|Any CPU
		{F1907DEF-400F-42EA-9EF9-586F2CCFC38C}.Release|Any CPU.ActiveCfg = Release|Any CPU
		{F1907DEF-400F-42EA-9EF9-586F2CCFC38C}.Release|Any CPU.Build.0 = Release|Any CPU
		{F1907DEF-400F-42EA-9EF9-586F2CCFC38C}.Release|x64.ActiveCfg = Release|Any CPU
		{F1907DEF-400F-42EA-9EF9-586F2CCFC38C}.Release|x64.Build.0 = Release|Any CPU
		{F1907DEF-400F-42EA-9EF9-586F2CCFC38C}.Release|x86.ActiveCfg = Release|Any CPU
		{F1907DEF-400F-42EA-9EF9-586F2CCFC38C}.Release|x86.Build.0 = Release|Any CPU
		{C8E0ADE0-3D15-453B-9052-BE71FD1E6DFA}.Debug|Any CPU.ActiveCfg = Debug|Any CPU
		{C8E0ADE0-3D15-453B-9052-BE71FD1E6DFA}.Debug|Any CPU.Build.0 = Debug|Any CPU
		{C8E0ADE0-3D15-453B-9052-BE71FD1E6DFA}.Debug|x64.ActiveCfg = Debug|Any CPU
		{C8E0ADE0-3D15-453B-9052-BE71FD1E6DFA}.Debug|x64.Build.0 = Debug|Any CPU
		{C8E0ADE0-3D15-453B-9052-BE71FD1E6DFA}.Debug|x86.ActiveCfg = Debug|Any CPU
		{C8E0ADE0-3D15-453B-9052-BE71FD1E6DFA}.Debug|x86.Build.0 = Debug|Any CPU
		{C8E0ADE0-3D15-453B-9052-BE71FD1E6DFA}.Release|Any CPU.ActiveCfg = Release|Any CPU
		{C8E0ADE0-3D15-453B-9052-BE71FD1E6DFA}.Release|Any CPU.Build.0 = Release|Any CPU
		{C8E0ADE0-3D15-453B-9052-BE71FD1E6DFA}.Release|x64.ActiveCfg = Release|Any CPU
		{C8E0ADE0-3D15-453B-9052-BE71FD1E6DFA}.Release|x64.Build.0 = Release|Any CPU
		{C8E0ADE0-3D15-453B-9052-BE71FD1E6DFA}.Release|x86.ActiveCfg = Release|Any CPU
		{C8E0ADE0-3D15-453B-9052-BE71FD1E6DFA}.Release|x86.Build.0 = Release|Any CPU
		{40BFD028-2D6D-4203-A649-4231D041C939}.Debug|Any CPU.ActiveCfg = Debug|Any CPU
		{40BFD028-2D6D-4203-A649-4231D041C939}.Debug|Any CPU.Build.0 = Debug|Any CPU
		{40BFD028-2D6D-4203-A649-4231D041C939}.Debug|x64.ActiveCfg = Debug|Any CPU
		{40BFD028-2D6D-4203-A649-4231D041C939}.Debug|x64.Build.0 = Debug|Any CPU
		{40BFD028-2D6D-4203-A649-4231D041C939}.Debug|x86.ActiveCfg = Debug|Any CPU
		{40BFD028-2D6D-4203-A649-4231D041C939}.Debug|x86.Build.0 = Debug|Any CPU
		{40BFD028-2D6D-4203-A649-4231D041C939}.Release|Any CPU.ActiveCfg = Release|Any CPU
		{40BFD028-2D6D-4203-A649-4231D041C939}.Release|Any CPU.Build.0 = Release|Any CPU
		{40BFD028-2D6D-4203-A649-4231D041C939}.Release|x64.ActiveCfg = Release|Any CPU
		{40BFD028-2D6D-4203-A649-4231D041C939}.Release|x64.Build.0 = Release|Any CPU
		{40BFD028-2D6D-4203-A649-4231D041C939}.Release|x86.ActiveCfg = Release|Any CPU
		{40BFD028-2D6D-4203-A649-4231D041C939}.Release|x86.Build.0 = Release|Any CPU
		{6168A6A0-42FC-4FC6-82C7-3A042F6CBF17}.Debug|Any CPU.ActiveCfg = Debug|Any CPU
		{6168A6A0-42FC-4FC6-82C7-3A042F6CBF17}.Debug|Any CPU.Build.0 = Debug|Any CPU
		{6168A6A0-42FC-4FC6-82C7-3A042F6CBF17}.Debug|x64.ActiveCfg = Debug|Any CPU
		{6168A6A0-42FC-4FC6-82C7-3A042F6CBF17}.Debug|x64.Build.0 = Debug|Any CPU
		{6168A6A0-42FC-4FC6-82C7-3A042F6CBF17}.Debug|x86.ActiveCfg = Debug|Any CPU
		{6168A6A0-42FC-4FC6-82C7-3A042F6CBF17}.Debug|x86.Build.0 = Debug|Any CPU
		{6168A6A0-42FC-4FC6-82C7-3A042F6CBF17}.Release|Any CPU.ActiveCfg = Release|Any CPU
		{6168A6A0-42FC-4FC6-82C7-3A042F6CBF17}.Release|Any CPU.Build.0 = Release|Any CPU
		{6168A6A0-42FC-4FC6-82C7-3A042F6CBF17}.Release|x64.ActiveCfg = Release|Any CPU
		{6168A6A0-42FC-4FC6-82C7-3A042F6CBF17}.Release|x64.Build.0 = Release|Any CPU
		{6168A6A0-42FC-4FC6-82C7-3A042F6CBF17}.Release|x86.ActiveCfg = Release|Any CPU
		{6168A6A0-42FC-4FC6-82C7-3A042F6CBF17}.Release|x86.Build.0 = Release|Any CPU
	EndGlobalSection
	GlobalSection(SolutionProperties) = preSolution
		HideSolutionNode = FALSE
	EndGlobalSection
	GlobalSection(NestedProjects) = preSolution
		{1B35AF42-A5DE-496D-AAA7-017F54F583C0} = {B8E4F1A2-6C3D-4E5F-9A1B-2D7C8E9F0A1B}
		{C1F2EEE5-F1E3-48BD-8C34-0F52742FE772} = {B8E4F1A2-6C3D-4E5F-9A1B-2D7C8E9F0A1B}
		{4F50B516-4A43-4458-A9D3-5853A5B6A6E7} = {4EE6AE32-729D-471C-B2F6-A873E7936186}
		{F1F757BD-3602-443A-A5C4-C9FEF2224A89} = {4EE6AE32-729D-471C-B2F6-A873E7936186}
		{E0A04510-FD7C-4582-A211-734F105BA4E5} = {C7D8E9F0-A1B2-4C5D-8E9F-0A1B2C3D4E5F}
		{A1B2C3D4-E5F6-7890-ABCD-EF1234567890} = {C7D8E9F0-A1B2-4C5D-8E9F-0A1B2C3D4E5F}
		{B2C3D4E5-F6A7-8901-BCDE-F12345678901} = {C7D8E9F0-A1B2-4C5D-8E9F-0A1B2C3D4E5F}
		{2ED1E525-BB50-40B2-914D-5ED28094E60B} = {4EE6AE32-729D-471C-B2F6-A873E7936186}
		{128C4029-0C86-4815-B971-6DEF27316402} = {C7D8E9F0-A1B2-4C5D-8E9F-0A1B2C3D4E5F}
		{DA2B8E54-928F-43E7-85F5-231AEE42ED23} = {4EE6AE32-729D-471C-B2F6-A873E7936186}
		{E1A0B0C4-C3C6-4CDC-95D7-7DF7888A04CE} = {B8E4F1A2-6C3D-4E5F-9A1B-2D7C8E9F0A1B}
		{A81F9274-62E7-404D-8932-D1B3EE8CA5A1} = {C7D8E9F0-A1B2-4C5D-8E9F-0A1B2C3D4E5F}
		{BDD14446-C6AB-46CD-9315-0D1F29E63938} = {2CB42F12-E813-91B3-7D11-3220E40BEF4A}
		{55C49A30-80DF-409A-B803-C000FE58E7DF} = {2CB42F12-E813-91B3-7D11-3220E40BEF4A}
		{63C4699D-8948-461B-83FA-52E40331638C} = {C7D8E9F0-A1B2-4C5D-8E9F-0A1B2C3D4E5F}
		{1F692DA6-F6E2-4F27-9EFB-6268EFCCD5C8} = {4EE6AE32-729D-471C-B2F6-A873E7936186}
		{00521496-5F29-466C-A8DF-B16984C10229} = {4EE6AE32-729D-471C-B2F6-A873E7936186}
		{743C6E23-5872-4B08-A5F6-9CFFA1A910CD} = {B8E4F1A2-6C3D-4E5F-9A1B-2D7C8E9F0A1B}
		{F1907DEF-400F-42EA-9EF9-586F2CCFC38C} = {C7D8E9F0-A1B2-4C5D-8E9F-0A1B2C3D4E5F}
		{C8E0ADE0-3D15-453B-9052-BE71FD1E6DFA} = {C7D8E9F0-A1B2-4C5D-8E9F-0A1B2C3D4E5F}
		{40BFD028-2D6D-4203-A649-4231D041C939} = {07C2787E-EAC7-C090-1BA3-A61EC2A24D84}
		{6168A6A0-42FC-4FC6-82C7-3A042F6CBF17} = {0AB3BF05-4346-4AA6-1389-037BE0695223}
	EndGlobalSection
EndGlobal
